// !$*UTF8*$!
{
	archiveVersion = 1;
	classes = {
	};
	objectVersion = 55;
	objects = {

/* Begin PBXBuildFile section */
		25632AE7289FCD6A006D883B /* AppDelegate.swift in Sources */ = {isa = PBXBuildFile; fileRef = 25632AE6289FCD6A006D883B /* AppDelegate.swift */; };
		25632AE9289FCD6A006D883B /* SceneDelegate.swift in Sources */ = {isa = PBXBuildFile; fileRef = 25632AE8289FCD6A006D883B /* SceneDelegate.swift */; };
		25632AEE289FCD6A006D883B /* Main.storyboard in Resources */ = {isa = PBXBuildFile; fileRef = 25632AEC289FCD6A006D883B /* Main.storyboard */; };
		25632AF0289FCD6A006D883B /* Assets.xcassets in Resources */ = {isa = PBXBuildFile; fileRef = 25632AEF289FCD6A006D883B /* Assets.xcassets */; };
		25632AF3289FCD6A006D883B /* LaunchScreen.storyboard in Resources */ = {isa = PBXBuildFile; fileRef = 25632AF1289FCD6A006D883B /* LaunchScreen.storyboard */; };
		25632AFE289FCD6A006D883B /* firebase_iosTests.swift in Sources */ = {isa = PBXBuildFile; fileRef = 25632AFD289FCD6A006D883B /* firebase_iosTests.swift */; };
		25632B08289FCD6A006D883B /* firebase_iosUITests.swift in Sources */ = {isa = PBXBuildFile; fileRef = 25632B07289FCD6A006D883B /* firebase_iosUITests.swift */; };
		25632B0A289FCD6A006D883B /* firebase_iosUITestsLaunchTests.swift in Sources */ = {isa = PBXBuildFile; fileRef = 25632B09289FCD6A006D883B /* firebase_iosUITestsLaunchTests.swift */; };
		25632B1D289FD6FF006D883B /* ViewController.swift in Sources */ = {isa = PBXBuildFile; fileRef = 25632B1C289FD6FF006D883B /* ViewController.swift */; };
		25632B1F289FD85B006D883B /* ResultViewController.swift in Sources */ = {isa = PBXBuildFile; fileRef = 25632B1E289FD85B006D883B /* ResultViewController.swift */; };
/* End PBXBuildFile section */

/* Begin PBXContainerItemProxy section */
		25632AFA289FCD6A006D883B /* PBXContainerItemProxy */ = {
			isa = PBXContainerItemProxy;
			containerPortal = 25632ADB289FCD6A006D883B /* Project object */;
			proxyType = 1;
			remoteGlobalIDString = 25632AE2289FCD6A006D883B;
			remoteInfo = firebase_ios;
		};
		25632B04289FCD6A006D883B /* PBXContainerItemProxy */ = {
			isa = PBXContainerItemProxy;
			containerPortal = 25632ADB289FCD6A006D883B /* Project object */;
			proxyType = 1;
			remoteGlobalIDString = 25632AE2289FCD6A006D883B;
			remoteInfo = firebase_ios;
		};
/* End PBXContainerItemProxy section */

/* Begin PBXFileReference section */
		25632AE3289FCD6A006D883B /* firebase_ios.app */ = {isa = PBXFileReference; explicitFileType = wrapper.application; includeInIndex = 0; path = firebase_ios.app; sourceTree = BUILT_PRODUCTS_DIR; };
		25632AE6289FCD6A006D883B /* AppDelegate.swift */ = {isa = PBXFileReference; lastKnownFileType = sourcecode.swift; path = AppDelegate.swift; sourceTree = "<group>"; };
		25632AE8289FCD6A006D883B /* SceneDelegate.swift */ = {isa = PBXFileReference; lastKnownFileType = sourcecode.swift; path = SceneDelegate.swift; sourceTree = "<group>"; };
		25632AED289FCD6A006D883B /* Base */ = {isa = PBXFileReference; lastKnownFileType = file.storyboard; name = Base; path = Base.lproj/Main.storyboard; sourceTree = "<group>"; };
		25632AEF289FCD6A006D883B /* Assets.xcassets */ = {isa = PBXFileReference; lastKnownFileType = folder.assetcatalog; path = Assets.xcassets; sourceTree = "<group>"; };
		25632AF2289FCD6A006D883B /* Base */ = {isa = PBXFileReference; lastKnownFileType = file.storyboard; name = Base; path = Base.lproj/LaunchScreen.storyboard; sourceTree = "<group>"; };
		25632AF4289FCD6A006D883B /* Info.plist */ = {isa = PBXFileReference; lastKnownFileType = text.plist.xml; path = Info.plist; sourceTree = "<group>"; };
		25632AF9289FCD6A006D883B /* firebase_iosTests.xctest */ = {isa = PBXFileReference; explicitFileType = wrapper.cfbundle; includeInIndex = 0; path = firebase_iosTests.xctest; sourceTree = BUILT_PRODUCTS_DIR; };
		25632AFD289FCD6A006D883B /* firebase_iosTests.swift */ = {isa = PBXFileReference; lastKnownFileType = sourcecode.swift; path = firebase_iosTests.swift; sourceTree = "<group>"; };
		25632B03289FCD6A006D883B /* firebase_iosUITests.xctest */ = {isa = PBXFileReference; explicitFileType = wrapper.cfbundle; includeInIndex = 0; path = firebase_iosUITests.xctest; sourceTree = BUILT_PRODUCTS_DIR; };
		25632B07289FCD6A006D883B /* firebase_iosUITests.swift */ = {isa = PBXFileReference; lastKnownFileType = sourcecode.swift; path = firebase_iosUITests.swift; sourceTree = "<group>"; };
		25632B09289FCD6A006D883B /* firebase_iosUITestsLaunchTests.swift */ = {isa = PBXFileReference; lastKnownFileType = sourcecode.swift; path = firebase_iosUITestsLaunchTests.swift; sourceTree = "<group>"; };
		25632B1C289FD6FF006D883B /* ViewController.swift */ = {isa = PBXFileReference; lastKnownFileType = sourcecode.swift; path = ViewController.swift; sourceTree = "<group>"; };
		25632B1E289FD85B006D883B /* ResultViewController.swift */ = {isa = PBXFileReference; lastKnownFileType = sourcecode.swift; path = ResultViewController.swift; sourceTree = "<group>"; };
/* End PBXFileReference section */

/* Begin PBXFrameworksBuildPhase section */
		25632AE0289FCD6A006D883B /* Frameworks */ = {
			isa = PBXFrameworksBuildPhase;
			buildActionMask = 2147483647;
			files = (
			);
			runOnlyForDeploymentPostprocessing = 0;
		};
		25632AF6289FCD6A006D883B /* Frameworks */ = {
			isa = PBXFrameworksBuildPhase;
			buildActionMask = 2147483647;
			files = (
			);
			runOnlyForDeploymentPostprocessing = 0;
		};
		25632B00289FCD6A006D883B /* Frameworks */ = {
			isa = PBXFrameworksBuildPhase;
			buildActionMask = 2147483647;
			files = (
			);
			runOnlyForDeploymentPostprocessing = 0;
		};
/* End PBXFrameworksBuildPhase section */

/* Begin PBXGroup section */
		25632ADA289FCD6A006D883B = {
			isa = PBXGroup;
			children = (
				25632AE5289FCD6A006D883B /* firebase_ios */,
				25632AFC289FCD6A006D883B /* firebase_iosTests */,
				25632B06289FCD6A006D883B /* firebase_iosUITests */,
				25632AE4289FCD6A006D883B /* Products */,
			);
			sourceTree = "<group>";
		};
		25632AE4289FCD6A006D883B /* Products */ = {
			isa = PBXGroup;
			children = (
				25632AE3289FCD6A006D883B /* firebase_ios.app */,
				25632AF9289FCD6A006D883B /* firebase_iosTests.xctest */,
				25632B03289FCD6A006D883B /* firebase_iosUITests.xctest */,
			);
			name = Products;
			sourceTree = "<group>";
		};
		25632AE5289FCD6A006D883B /* firebase_ios */ = {
			isa = PBXGroup;
			children = (
				25632AE6289FCD6A006D883B /* AppDelegate.swift */,
				25632AE8289FCD6A006D883B /* SceneDelegate.swift */,
				25632AEC289FCD6A006D883B /* Main.storyboard */,
				25632AEF289FCD6A006D883B /* Assets.xcassets */,
				25632AF1289FCD6A006D883B /* LaunchScreen.storyboard */,
				25632AF4289FCD6A006D883B /* Info.plist */,
				25632B1C289FD6FF006D883B /* ViewController.swift */,
				25632B1E289FD85B006D883B /* ResultViewController.swift */,
			);
			path = firebase_ios;
			sourceTree = "<group>";
		};
		25632AFC289FCD6A006D883B /* firebase_iosTests */ = {
			isa = PBXGroup;
			children = (
				25632AFD289FCD6A006D883B /* firebase_iosTests.swift */,
			);
			path = firebase_iosTests;
			sourceTree = "<group>";
		};
		25632B06289FCD6A006D883B /* firebase_iosUITests */ = {
			isa = PBXGroup;
			children = (
				25632B07289FCD6A006D883B /* firebase_iosUITests.swift */,
				25632B09289FCD6A006D883B /* firebase_iosUITestsLaunchTests.swift */,
			);
			path = firebase_iosUITests;
			sourceTree = "<group>";
		};
/* End PBXGroup section */

/* Begin PBXNativeTarget section */
		25632AE2289FCD6A006D883B /* firebase_ios */ = {
			isa = PBXNativeTarget;
			buildConfigurationList = 25632B0D289FCD6A006D883B /* Build configuration list for PBXNativeTarget "firebase_ios" */;
			buildPhases = (
				25632ADF289FCD6A006D883B /* Sources */,
				25632AE0289FCD6A006D883B /* Frameworks */,
				25632AE1289FCD6A006D883B /* Resources */,
			);
			buildRules = (
			);
			dependencies = (
			);
			name = firebase_ios;
			productName = firebase_ios;
			productReference = 25632AE3289FCD6A006D883B /* firebase_ios.app */;
			productType = "com.apple.product-type.application";
		};
		25632AF8289FCD6A006D883B /* firebase_iosTests */ = {
			isa = PBXNativeTarget;
			buildConfigurationList = 25632B10289FCD6A006D883B /* Build configuration list for PBXNativeTarget "firebase_iosTests" */;
			buildPhases = (
				25632AF5289FCD6A006D883B /* Sources */,
				25632AF6289FCD6A006D883B /* Frameworks */,
				25632AF7289FCD6A006D883B /* Resources */,
			);
			buildRules = (
			);
			dependencies = (
				25632AFB289FCD6A006D883B /* PBXTargetDependency */,
			);
			name = firebase_iosTests;
			productName = firebase_iosTests;
			productReference = 25632AF9289FCD6A006D883B /* firebase_iosTests.xctest */;
			productType = "com.apple.product-type.bundle.unit-test";
		};
		25632B02289FCD6A006D883B /* firebase_iosUITests */ = {
			isa = PBXNativeTarget;
			buildConfigurationList = 25632B13289FCD6A006D883B /* Build configuration list for PBXNativeTarget "firebase_iosUITests" */;
			buildPhases = (
				25632AFF289FCD6A006D883B /* Sources */,
				25632B00289FCD6A006D883B /* Frameworks */,
				25632B01289FCD6A006D883B /* Resources */,
			);
			buildRules = (
			);
			dependencies = (
				25632B05289FCD6A006D883B /* PBXTargetDependency */,
			);
			name = firebase_iosUITests;
			productName = firebase_iosUITests;
			productReference = 25632B03289FCD6A006D883B /* firebase_iosUITests.xctest */;
			productType = "com.apple.product-type.bundle.ui-testing";
		};
/* End PBXNativeTarget section */

/* Begin PBXProject section */
		25632ADB289FCD6A006D883B /* Project object */ = {
			isa = PBXProject;
			attributes = {
				BuildIndependentTargetsInParallel = 1;
				LastSwiftUpdateCheck = 1340;
				LastUpgradeCheck = 1340;
				TargetAttributes = {
					25632AE2289FCD6A006D883B = {
						CreatedOnToolsVersion = 13.4.1;
					};
					25632AF8289FCD6A006D883B = {
						CreatedOnToolsVersion = 13.4.1;
						TestTargetID = 25632AE2289FCD6A006D883B;
					};
					25632B02289FCD6A006D883B = {
						CreatedOnToolsVersion = 13.4.1;
						TestTargetID = 25632AE2289FCD6A006D883B;
					};
				};
			};
			buildConfigurationList = 25632ADE289FCD6A006D883B /* Build configuration list for PBXProject "firebase_ios" */;
			compatibilityVersion = "Xcode 13.0";
			developmentRegion = en;
			hasScannedForEncodings = 0;
			knownRegions = (
				en,
				Base,
			);
			mainGroup = 25632ADA289FCD6A006D883B;
			productRefGroup = 25632AE4289FCD6A006D883B /* Products */;
			projectDirPath = "";
			projectRoot = "";
			targets = (
				25632AE2289FCD6A006D883B /* firebase_ios */,
				25632AF8289FCD6A006D883B /* firebase_iosTests */,
				25632B02289FCD6A006D883B /* firebase_iosUITests */,
			);
		};
/* End PBXProject section */

/* Begin PBXResourcesBuildPhase section */
		25632AE1289FCD6A006D883B /* Resources */ = {
			isa = PBXResourcesBuildPhase;
			buildActionMask = 2147483647;
			files = (
				25632AF3289FCD6A006D883B /* LaunchScreen.storyboard in Resources */,
				25632AF0289FCD6A006D883B /* Assets.xcassets in Resources */,
				25632AEE289FCD6A006D883B /* Main.storyboard in Resources */,
			);
			runOnlyForDeploymentPostprocessing = 0;
		};
		25632AF7289FCD6A006D883B /* Resources */ = {
			isa = PBXResourcesBuildPhase;
			buildActionMask = 2147483647;
			files = (
			);
			runOnlyForDeploymentPostprocessing = 0;
		};
		25632B01289FCD6A006D883B /* Resources */ = {
			isa = PBXResourcesBuildPhase;
			buildActionMask = 2147483647;
			files = (
			);
			runOnlyForDeploymentPostprocessing = 0;
		};
/* End PBXResourcesBuildPhase section */

/* Begin PBXSourcesBuildPhase section */
		25632ADF289FCD6A006D883B /* Sources */ = {
			isa = PBXSourcesBuildPhase;
			buildActionMask = 2147483647;
			files = (
				25632B1D289FD6FF006D883B /* ViewController.swift in Sources */,
				25632AE7289FCD6A006D883B /* AppDelegate.swift in Sources */,
				25632AE9289FCD6A006D883B /* SceneDelegate.swift in Sources */,
				25632B1F289FD85B006D883B /* ResultViewController.swift in Sources */,
			);
			runOnlyForDeploymentPostprocessing = 0;
		};
		25632AF5289FCD6A006D883B /* Sources */ = {
			isa = PBXSourcesBuildPhase;
			buildActionMask = 2147483647;
			files = (
				25632AFE289FCD6A006D883B /* firebase_iosTests.swift in Sources */,
			);
			runOnlyForDeploymentPostprocessing = 0;
		};
		25632AFF289FCD6A006D883B /* Sources */ = {
			isa = PBXSourcesBuildPhase;
			buildActionMask = 2147483647;
			files = (
				25632B08289FCD6A006D883B /* firebase_iosUITests.swift in Sources */,
				25632B0A289FCD6A006D883B /* firebase_iosUITestsLaunchTests.swift in Sources */,
			);
			runOnlyForDeploymentPostprocessing = 0;
		};
/* End PBXSourcesBuildPhase section */

/* Begin PBXTargetDependency section */
		25632AFB289FCD6A006D883B /* PBXTargetDependency */ = {
			isa = PBXTargetDependency;
			target = 25632AE2289FCD6A006D883B /* firebase_ios */;
			targetProxy = 25632AFA289FCD6A006D883B /* PBXContainerItemProxy */;
		};
		25632B05289FCD6A006D883B /* PBXTargetDependency */ = {
			isa = PBXTargetDependency;
			target = 25632AE2289FCD6A006D883B /* firebase_ios */;
			targetProxy = 25632B04289FCD6A006D883B /* PBXContainerItemProxy */;
		};
/* End PBXTargetDependency section */

/* Begin PBXVariantGroup section */
		25632AEC289FCD6A006D883B /* Main.storyboard */ = {
			isa = PBXVariantGroup;
			children = (
				25632AED289FCD6A006D883B /* Base */,
			);
			name = Main.storyboard;
			sourceTree = "<group>";
		};
		25632AF1289FCD6A006D883B /* LaunchScreen.storyboard */ = {
			isa = PBXVariantGroup;
			children = (
				25632AF2289FCD6A006D883B /* Base */,
			);
			name = LaunchScreen.storyboard;
			sourceTree = "<group>";
		};
/* End PBXVariantGroup section */

/* Begin XCBuildConfiguration section */
		25632B0B289FCD6A006D883B /* Debug */ = {
			isa = XCBuildConfiguration;
			buildSettings = {
				ALWAYS_SEARCH_USER_PATHS = NO;
				CLANG_ANALYZER_NONNULL = YES;
				CLANG_ANALYZER_NUMBER_OBJECT_CONVERSION = YES_AGGRESSIVE;
				CLANG_CXX_LANGUAGE_STANDARD = "gnu++17";
				CLANG_ENABLE_MODULES = YES;
				CLANG_ENABLE_OBJC_ARC = YES;
				CLANG_ENABLE_OBJC_WEAK = YES;
				CLANG_WARN_BLOCK_CAPTURE_AUTORELEASING = YES;
				CLANG_WARN_BOOL_CONVERSION = YES;
				CLANG_WARN_COMMA = YES;
				CLANG_WARN_CONSTANT_CONVERSION = YES;
				CLANG_WARN_DEPRECATED_OBJC_IMPLEMENTATIONS = YES;
				CLANG_WARN_DIRECT_OBJC_ISA_USAGE = YES_ERROR;
				CLANG_WARN_DOCUMENTATION_COMMENTS = YES;
				CLANG_WARN_EMPTY_BODY = YES;
				CLANG_WARN_ENUM_CONVERSION = YES;
				CLANG_WARN_INFINITE_RECURSION = YES;
				CLANG_WARN_INT_CONVERSION = YES;
				CLANG_WARN_NON_LITERAL_NULL_CONVERSION = YES;
				CLANG_WARN_OBJC_IMPLICIT_RETAIN_SELF = YES;
				CLANG_WARN_OBJC_LITERAL_CONVERSION = YES;
				CLANG_WARN_OBJC_ROOT_CLASS = YES_ERROR;
				CLANG_WARN_QUOTED_INCLUDE_IN_FRAMEWORK_HEADER = YES;
				CLANG_WARN_RANGE_LOOP_ANALYSIS = YES;
				CLANG_WARN_STRICT_PROTOTYPES = YES;
				CLANG_WARN_SUSPICIOUS_MOVE = YES;
				CLANG_WARN_UNGUARDED_AVAILABILITY = YES_AGGRESSIVE;
				CLANG_WARN_UNREACHABLE_CODE = YES;
				CLANG_WARN__DUPLICATE_METHOD_MATCH = YES;
				COPY_PHASE_STRIP = NO;
				DEBUG_INFORMATION_FORMAT = dwarf;
				ENABLE_STRICT_OBJC_MSGSEND = YES;
				ENABLE_TESTABILITY = YES;
				GCC_C_LANGUAGE_STANDARD = gnu11;
				GCC_DYNAMIC_NO_PIC = NO;
				GCC_NO_COMMON_BLOCKS = YES;
				GCC_OPTIMIZATION_LEVEL = 0;
				GCC_PREPROCESSOR_DEFINITIONS = (
					"DEBUG=1",
					"$(inherited)",
				);
				GCC_WARN_64_TO_32_BIT_CONVERSION = YES;
				GCC_WARN_ABOUT_RETURN_TYPE = YES_ERROR;
				GCC_WARN_UNDECLARED_SELECTOR = YES;
				GCC_WARN_UNINITIALIZED_AUTOS = YES_AGGRESSIVE;
				GCC_WARN_UNUSED_FUNCTION = YES;
				GCC_WARN_UNUSED_VARIABLE = YES;
				IPHONEOS_DEPLOYMENT_TARGET = 15.5;
				MTL_ENABLE_DEBUG_INFO = INCLUDE_SOURCE;
				MTL_FAST_MATH = YES;
				ONLY_ACTIVE_ARCH = YES;
				SDKROOT = iphoneos;
				SWIFT_ACTIVE_COMPILATION_CONDITIONS = DEBUG;
				SWIFT_OPTIMIZATION_LEVEL = "-Onone";
			};
			name = Debug;
		};
		25632B0C289FCD6A006D883B /* Release */ = {
			isa = XCBuildConfiguration;
			buildSettings = {
				ALWAYS_SEARCH_USER_PATHS = NO;
				CLANG_ANALYZER_NONNULL = YES;
				CLANG_ANALYZER_NUMBER_OBJECT_CONVERSION = YES_AGGRESSIVE;
				CLANG_CXX_LANGUAGE_STANDARD = "gnu++17";
				CLANG_ENABLE_MODULES = YES;
				CLANG_ENABLE_OBJC_ARC = YES;
				CLANG_ENABLE_OBJC_WEAK = YES;
				CLANG_WARN_BLOCK_CAPTURE_AUTORELEASING = YES;
				CLANG_WARN_BOOL_CONVERSION = YES;
				CLANG_WARN_COMMA = YES;
				CLANG_WARN_CONSTANT_CONVERSION = YES;
				CLANG_WARN_DEPRECATED_OBJC_IMPLEMENTATIONS = YES;
				CLANG_WARN_DIRECT_OBJC_ISA_USAGE = YES_ERROR;
				CLANG_WARN_DOCUMENTATION_COMMENTS = YES;
				CLANG_WARN_EMPTY_BODY = YES;
				CLANG_WARN_ENUM_CONVERSION = YES;
				CLANG_WARN_INFINITE_RECURSION = YES;
				CLANG_WARN_INT_CONVERSION = YES;
				CLANG_WARN_NON_LITERAL_NULL_CONVERSION = YES;
				CLANG_WARN_OBJC_IMPLICIT_RETAIN_SELF = YES;
				CLANG_WARN_OBJC_LITERAL_CONVERSION = YES;
				CLANG_WARN_OBJC_ROOT_CLASS = YES_ERROR;
				CLANG_WARN_QUOTED_INCLUDE_IN_FRAMEWORK_HEADER = YES;
				CLANG_WARN_RANGE_LOOP_ANALYSIS = YES;
				CLANG_WARN_STRICT_PROTOTYPES = YES;
				CLANG_WARN_SUSPICIOUS_MOVE = YES;
				CLANG_WARN_UNGUARDED_AVAILABILITY = YES_AGGRESSIVE;
				CLANG_WARN_UNREACHABLE_CODE = YES;
				CLANG_WARN__DUPLICATE_METHOD_MATCH = YES;
				COPY_PHASE_STRIP = NO;
				DEBUG_INFORMATION_FORMAT = "dwarf-with-dsym";
				ENABLE_NS_ASSERTIONS = NO;
				ENABLE_STRICT_OBJC_MSGSEND = YES;
				GCC_C_LANGUAGE_STANDARD = gnu11;
				GCC_NO_COMMON_BLOCKS = YES;
				GCC_WARN_64_TO_32_BIT_CONVERSION = YES;
				GCC_WARN_ABOUT_RETURN_TYPE = YES_ERROR;
				GCC_WARN_UNDECLARED_SELECTOR = YES;
				GCC_WARN_UNINITIALIZED_AUTOS = YES_AGGRESSIVE;
				GCC_WARN_UNUSED_FUNCTION = YES;
				GCC_WARN_UNUSED_VARIABLE = YES;
				IPHONEOS_DEPLOYMENT_TARGET = 15.5;
				MTL_ENABLE_DEBUG_INFO = NO;
				MTL_FAST_MATH = YES;
				SDKROOT = iphoneos;
				SWIFT_COMPILATION_MODE = wholemodule;
				SWIFT_OPTIMIZATION_LEVEL = "-O";
				VALIDATE_PRODUCT = YES;
			};
			name = Release;
		};
		25632B0E289FCD6A006D883B /* Debug */ = {
			isa = XCBuildConfiguration;
			buildSettings = {
				ASSETCATALOG_COMPILER_APPICON_NAME = AppIcon;
				ASSETCATALOG_COMPILER_GLOBAL_ACCENT_COLOR_NAME = AccentColor;
				CODE_SIGN_STYLE = Automatic;
				CURRENT_PROJECT_VERSION = 1;
				GENERATE_INFOPLIST_FILE = YES;
				INFOPLIST_FILE = firebase_ios/Info.plist;
				INFOPLIST_KEY_UIApplicationSupportsIndirectInputEvents = YES;
				INFOPLIST_KEY_UILaunchStoryboardName = LaunchScreen;
				INFOPLIST_KEY_UIMainStoryboardFile = Main;
				INFOPLIST_KEY_UISupportedInterfaceOrientations_iPad = "UIInterfaceOrientationPortrait UIInterfaceOrientationPortraitUpsideDown UIInterfaceOrientationLandscapeLeft UIInterfaceOrientationLandscapeRight";
				INFOPLIST_KEY_UISupportedInterfaceOrientations_iPhone = "UIInterfaceOrientationPortrait UIInterfaceOrientationLandscapeLeft UIInterfaceOrientationLandscapeRight";
				LD_RUNPATH_SEARCH_PATHS = (
					"$(inherited)",
					"@executable_path/Frameworks",
				);
				MARKETING_VERSION = 1.0;
				PRODUCT_BUNDLE_IDENTIFIER = "hjmills.firebase-ios";
				PRODUCT_NAME = "$(TARGET_NAME)";
				SWIFT_EMIT_LOC_STRINGS = YES;
				SWIFT_VERSION = 5.0;
				TARGETED_DEVICE_FAMILY = 1;
			};
			name = Debug;
		};
		25632B0F289FCD6A006D883B /* Release */ = {
			isa = XCBuildConfiguration;
			buildSettings = {
				ASSETCATALOG_COMPILER_APPICON_NAME = AppIcon;
				ASSETCATALOG_COMPILER_GLOBAL_ACCENT_COLOR_NAME = AccentColor;
				CODE_SIGN_STYLE = Automatic;
				CURRENT_PROJECT_VERSION = 1;
				GENERATE_INFOPLIST_FILE = YES;
				INFOPLIST_FILE = firebase_ios/Info.plist;
				INFOPLIST_KEY_UIApplicationSupportsIndirectInputEvents = YES;
				INFOPLIST_KEY_UILaunchStoryboardName = LaunchScreen;
				INFOPLIST_KEY_UIMainStoryboardFile = Main;
				INFOPLIST_KEY_UISupportedInterfaceOrientations_iPad = "UIInterfaceOrientationPortrait UIInterfaceOrientationPortraitUpsideDown UIInterfaceOrientationLandscapeLeft UIInterfaceOrientationLandscapeRight";
				INFOPLIST_KEY_UISupportedInterfaceOrientations_iPhone = "UIInterfaceOrientationPortrait UIInterfaceOrientationLandscapeLeft UIInterfaceOrientationLandscapeRight";
				LD_RUNPATH_SEARCH_PATHS = (
					"$(inherited)",
					"@executable_path/Frameworks",
				);
				MARKETING_VERSION = 1.0;
				PRODUCT_BUNDLE_IDENTIFIER = "hjmills.firebase-ios";
				PRODUCT_NAME = "$(TARGET_NAME)";
				SWIFT_EMIT_LOC_STRINGS = YES;
				SWIFT_VERSION = 5.0;
				TARGETED_DEVICE_FAMILY = 1;
			};
			name = Release;
		};
		25632B11289FCD6A006D883B /* Debug */ = {
			isa = XCBuildConfiguration;
			buildSettings = {
				ALWAYS_EMBED_SWIFT_STANDARD_LIBRARIES = YES;
				BUNDLE_LOADER = "$(TEST_HOST)";
				CODE_SIGN_STYLE = Automatic;
				CURRENT_PROJECT_VERSION = 1;
				GENERATE_INFOPLIST_FILE = YES;
				IPHONEOS_DEPLOYMENT_TARGET = 15.5;
				MARKETING_VERSION = 1.0;
				PRODUCT_BUNDLE_IDENTIFIER = "hjmills.firebase-iosTests";
				PRODUCT_NAME = "$(TARGET_NAME)";
				SWIFT_EMIT_LOC_STRINGS = NO;
				SWIFT_VERSION = 5.0;
				TARGETED_DEVICE_FAMILY = "1,2";
				TEST_HOST = "$(BUILT_PRODUCTS_DIR)/firebase_ios.app/firebase_ios";
			};
			name = Debug;
		};
		25632B12289FCD6A006D883B /* Release */ = {
			isa = XCBuildConfiguration;
			buildSettings = {
				ALWAYS_EMBED_SWIFT_STANDARD_LIBRARIES = YES;
				BUNDLE_LOADER = "$(TEST_HOST)";
				CODE_SIGN_STYLE = Automatic;
				CURRENT_PROJECT_VERSION = 1;
				GENERATE_INFOPLIST_FILE = YES;
				IPHONEOS_DEPLOYMENT_TARGET = 15.5;
				MARKETING_VERSION = 1.0;
				PRODUCT_BUNDLE_IDENTIFIER = "hjmills.firebase-iosTests";
				PRODUCT_NAME = "$(TARGET_NAME)";
				SWIFT_EMIT_LOC_STRINGS = NO;
				SWIFT_VERSION = 5.0;
				TARGETED_DEVICE_FAMILY = "1,2";
				TEST_HOST = "$(BUILT_PRODUCTS_DIR)/firebase_ios.app/firebase_ios";
			};
			name = Release;
		};
		25632B14289FCD6A006D883B /* Debug */ = {
			isa = XCBuildConfiguration;
			buildSettings = {
				ALWAYS_EMBED_SWIFT_STANDARD_LIBRARIES = YES;
				CODE_SIGN_STYLE = Automatic;
				CURRENT_PROJECT_VERSION = 1;
				GENERATE_INFOPLIST_FILE = YES;
				MARKETING_VERSION = 1.0;
				PRODUCT_BUNDLE_IDENTIFIER = "hjmills.firebase-iosUITests";
				PRODUCT_NAME = "$(TARGET_NAME)";
				SWIFT_EMIT_LOC_STRINGS = NO;
				SWIFT_VERSION = 5.0;
				TARGETED_DEVICE_FAMILY = "1,2";
				TEST_TARGET_NAME = firebase_ios;
			};
			name = Debug;
		};
		25632B15289FCD6A006D883B /* Release */ = {
			isa = XCBuildConfiguration;
			buildSettings = {
				ALWAYS_EMBED_SWIFT_STANDARD_LIBRARIES = YES;
				CODE_SIGN_STYLE = Automatic;
				CURRENT_PROJECT_VERSION = 1;
				GENERATE_INFOPLIST_FILE = YES;
				MARKETING_VERSION = 1.0;
				PRODUCT_BUNDLE_IDENTIFIER = "hjmills.firebase-iosUITests";
				PRODUCT_NAME = "$(TARGET_NAME)";
				SWIFT_EMIT_LOC_STRINGS = NO;
				SWIFT_VERSION = 5.0;
				TARGETED_DEVICE_FAMILY = "1,2";
				TEST_TARGET_NAME = firebase_ios;
			};
			name = Release;
		};
/* End XCBuildConfiguration section */

/* Begin XCConfigurationList section */
		25632ADE289FCD6A006D883B /* Build configuration list for PBXProject "firebase_ios" */ = {
			isa = XCConfigurationList;
			buildConfigurations = (
				25632B0B289FCD6A006D883B /* Debug */,
				25632B0C289FCD6A006D883B /* Release */,
			);
			defaultConfigurationIsVisible = 0;
			defaultConfigurationName = Release;
		};
		25632B0D289FCD6A006D883B /* Build configuration list for PBXNativeTarget "firebase_ios" */ = {
			isa = XCConfigurationList;
			buildConfigurations = (
				25632B0E289FCD6A006D883B /* Debug */,
				25632B0F289FCD6A006D883B /* Release */,
			);
			defaultConfigurationIsVisible = 0;
			defaultConfigurationName = Release;
		};
		25632B10289FCD6A006D883B /* Build configuration list for PBXNativeTarget "firebase_iosTests" */ = {
			isa = XCConfigurationList;
			buildConfigurations = (
				25632B11289FCD6A006D883B /* Debug */,
				25632B12289FCD6A006D883B /* Release */,
			);
			defaultConfigurationIsVisible = 0;
			defaultConfigurationName = Release;
		};
		25632B13289FCD6A006D883B /* Build configuration list for PBXNativeTarget "firebase_iosUITests" */ = {
			isa = XCConfigurationList;
			buildConfigurations = (
				25632B14289FCD6A006D883B /* Debug */,
				25632B15289FCD6A006D883B /* Release */,
			);
			defaultConfigurationIsVisible = 0;
			defaultConfigurationName = Release;
		};
/* End XCConfigurationList section */
	};
	rootObject = 25632ADB289FCD6A006D883B /* Project object */;
}
